// !$*UTF8*$!
{
	archiveVersion = 1;
	classes = {
	};
	objectVersion = 77;
	objects = {

/* Begin PBXBuildFile section */
		63A78415C5726BE9C806EFAF /* Cocoa.framework in Frameworks */ = {isa = PBXBuildFile; fileRef = 47C39E67B09152F6665ED683 /* Cocoa.framework */; };
		6B8DE5BE065E4BFE9E531A74 /* MarqueeTextMeasurementTests.swift in Sources */ = {isa = PBXBuildFile; fileRef = 8DC2ACF06B40405DB1A8F99E /* MarqueeTextMeasurementTests.swift */; };
		738C4EBB63E3449B923997D0 /* MenuBarClearanceTests.swift in Sources */ = {isa = PBXBuildFile; fileRef = 2EB37667F763422E97DEEB49 /* MenuBarClearanceTests.swift */; };
		7E1ADF1D2EA209B1001DA867 /* SkyLightWindow in Frameworks */ = {isa = PBXBuildFile; productRef = 7E61181E2E24071E0050006C /* SkyLightWindow */; };
		7E288D122F1659EF0020C117 /* AtollExtensionKit in Frameworks */ = {isa = PBXBuildFile; productRef = 7E288D112F1659EF0020C117 /* AtollExtensionKit */; };
		7E6118142E24071E0050006C /* LaunchAtLogin in Frameworks */ = {isa = PBXBuildFile; productRef = 14D032192C68F32E0096E6A1 /* LaunchAtLogin */; };
		7E6118152E24071E0050006C /* Sparkle in Frameworks */ = {isa = PBXBuildFile; productRef = 14D0321C2C68F3350096E6A1 /* Sparkle */; };
		7E6118162E24071E0050006C /* KeyboardShortcuts in Frameworks */ = {isa = PBXBuildFile; productRef = B18654382C6F4990000B926A /* KeyboardShortcuts */; };
		7E6118172E24071E0050006C /* Collections in Frameworks */ = {isa = PBXBuildFile; productRef = 9A987A0F2C73CA8D005CA465 /* Collections */; };
		7E6118192E24071E0050006C /* Defaults in Frameworks */ = {isa = PBXBuildFile; productRef = B19016212CC15B3D00E3F12E /* Defaults */; };
		7E61181A2E24071E0050006C /* SwiftUIIntrospect in Frameworks */ = {isa = PBXBuildFile; productRef = B1628B912CC260C0003D8DF3 /* SwiftUIIntrospect */; };
		7E61181B2E24071E0050006C /* LottieUI in Frameworks */ = {isa = PBXBuildFile; productRef = B194240A2CD10017003E5DC2 /* LottieUI */; };
		7E61181C2E24071E0050006C /* MacroVisionKit in Frameworks */ = {isa = PBXBuildFile; productRef = 146BC4362D366E9B0047C66A /* MacroVisionKit */; };
		7E6856482EA963FD00D261F5 /* Lock.json in Resources */ = {isa = PBXBuildFile; fileRef = 7E6856472EA963FD00D261F5 /* Lock.json */; };
		7E8130402E3FB40500E08F3F /* mediaremote-adapter.pl in Resources */ = {isa = PBXBuildFile; fileRef = 7E81303D2E3FB40500E08F3F /* mediaremote-adapter.pl */; };
		7E8840D72E9A346700C5CB8C /* Dog waiting.json in Resources */ = {isa = PBXBuildFile; fileRef = 7E8840D62E9A346700C5CB8C /* Dog waiting.json */; };
		7E8840D92E9A347000C5CB8C /* Moody Dog.json in Resources */ = {isa = PBXBuildFile; fileRef = 7E8840D82E9A347000C5CB8C /* Moody Dog.json */; };
		7E8840DB2E9A347800C5CB8C /* Orange Cat Peeping.json in Resources */ = {isa = PBXBuildFile; fileRef = 7E8840DA2E9A347800C5CB8C /* Orange Cat Peeping.json */; };
		7E9911B02EFD7D1B002EDFD5 /* Reindeer.json in Resources */ = {isa = PBXBuildFile; fileRef = 7E9911AF2EFD7D1B002EDFD5 /* Reindeer.json */; };
		7E9918722EFDAE5B002EDFD5 /* MediaRemoteAdapter.framework in Resources */ = {isa = PBXBuildFile; fileRef = F4C1DD09EC134302938E84F6 /* MediaRemoteAdapter.framework */; };
		7EE1D73D2E6B1E0B00997219 /* ApplicationServices.framework in Frameworks */ = {isa = PBXBuildFile; fileRef = 7EE1D73C2E6B1E0B00997219 /* ApplicationServices.framework */; };
		7EE1D73F2E6B1E1200997219 /* IOKit.framework in Frameworks */ = {isa = PBXBuildFile; fileRef = 7EE1D73E2E6B1E1200997219 /* IOKit.framework */; };
		7EF10C122F817ECF004229A0 /* Accelerate.framework in Frameworks */ = {isa = PBXBuildFile; fileRef = 7EF10C112F817ECF004229A0 /* Accelerate.framework */; };
		7EF19C172F577040005B9929 /* SwiftTerm in Frameworks */ = {isa = PBXBuildFile; productRef = 7EF19C162F577040005B9929 /* SwiftTerm */; };
		8C9E422544384A70B829EDE7 /* NowPlayingPayloadTests.swift in Sources */ = {isa = PBXBuildFile; fileRef = 2137D0F9431A495AA62ACE96 /* NowPlayingPayloadTests.swift */; };
		9A7D1A012F90000200A71001 /* AudioTapTests.swift in Sources */ = {isa = PBXBuildFile; fileRef = 9A7D1A022F90000200A71002 /* AudioTapTests.swift */; };
		A1B2C3D40000000000000001 /* LyricsMetadataTests.swift in Sources */ = {isa = PBXBuildFile; fileRef = A1B2C3D40000000000000002 /* LyricsMetadataTests.swift */; };
		A1B2C3D40000000000000003 /* NetEaseLyricsTests.swift in Sources */ = {isa = PBXBuildFile; fileRef = A1B2C3D40000000000000004 /* NetEaseLyricsTests.swift */; };
		FA1B2C3D00000000000000B1 /* TabOrderTests.swift in Sources */ = {isa = PBXBuildFile; fileRef = FA1B2C3D00000000000000B2 /* TabOrderTests.swift */; };
		FA1B2C3D00000000000000C1 /* NowPlayingControllerPreferenceTests.swift in Sources */ = {isa = PBXBuildFile; fileRef = FA1B2C3D00000000000000C2 /* NowPlayingControllerPreferenceTests.swift */; };
		FA1B2C3D00000000000000D1 /* ScreenAssistantOllamaDefaultsTests.swift in Sources */ = {isa = PBXBuildFile; fileRef = FA1B2C3D00000000000000D2 /* ScreenAssistantOllamaDefaultsTests.swift */; };
		A1B2C3D4E5F60718293A4B5C /* ExtensionRPCServerTests.swift in Sources */ = {isa = PBXBuildFile; fileRef = A1B2C3D4E5F60718293A4B5D /* ExtensionRPCServerTests.swift */; };
		A3C83CAF84544DCE386C3BB8 /* DynamicIslandUITests.swift in Sources */ = {isa = PBXBuildFile; fileRef = 54078F29304A9DBBEFBDF932 /* DynamicIslandUITests.swift */; };
		A4B5C6D7E8F90123456789AB /* AppleMusicControllerTests.swift in Sources */ = {isa = PBXBuildFile; fileRef = A4B5C6D7E8F90123456789AC /* AppleMusicControllerTests.swift */; };
		A70F1A012F90000100F1A001 /* FingerprintScan.json in Resources */ = {isa = PBXBuildFile; fileRef = A70F1A022F90000100F1A001 /* FingerprintScan.json */; };
		B1C2D3E4F5061728394A5B6C /* PartialDownloadTests.swift in Sources */ = {isa = PBXBuildFile; fileRef = B1C2D3E4F5061728394A5B6D /* PartialDownloadTests.swift */; };
		B1C2D3E4F5A60718293A4B01 /* MediaKeyTapRetryPolicyTests.swift in Sources */ = {isa = PBXBuildFile; fileRef = B1C2D3E4F5A60718293A4B02 /* MediaKeyTapRetryPolicyTests.swift */; };
		B4777BB9FE29243B253B8306 /* SpotifyLibraryTests.swift in Sources */ = {isa = PBXBuildFile; fileRef = DFA269966BB987D4A1B411A2 /* SpotifyLibraryTests.swift */; };
		B5E314BBF3AF4E6D8E90B25B /* LRCParserTests.swift in Sources */ = {isa = PBXBuildFile; fileRef = D82568218362418EA59B2CDC /* LRCParserTests.swift */; };
		C0DECAFE1234567890ABCDEF /* FlyoutFrameCalculatorTests.swift in Sources */ = {isa = PBXBuildFile; fileRef = C0DEFACE1234567890ABCDEF /* FlyoutFrameCalculatorTests.swift */; };
		C1A2B3C4D5E6F70819AB2C3D /* ClipboardHistoryPersistenceTests.swift in Sources */ = {isa = PBXBuildFile; fileRef = C1A2B3C4D5E6F70819AB2C3E /* ClipboardHistoryPersistenceTests.swift */; };
		C1DE0FAV0001000000000001 /* CiderFavoritingTests.swift in Sources */ = {isa = PBXBuildFile; fileRef = C1DE0FAV0001000000000002 /* CiderFavoritingTests.swift */; };
		D1A2B3C4D5E6F70819AB2C4D /* SystemHUDPlacementTests.swift in Sources */ = {isa = PBXBuildFile; fileRef = D1A2B3C4D5E6F70819AB2C4E /* SystemHUDPlacementTests.swift */; };
		F1E2D3C4B5A6E7F8A9B0C1D2 /* JSONLUsageParserTests.swift in Sources */ = {isa = PBXBuildFile; fileRef = E1F2A3B4C5D6E7F8A9B0C1D2 /* JSONLUsageParserTests.swift */; };
		F3E4D5C6B7A8E9F0A1B2C3D4 /* Contents/Helpers/NowPlayingTestClient in CopyFiles */ = {isa = PBXBuildFile; fileRef = F2E3D4C5B6A7E8F9A0B1C2D3 /* Contents/Helpers/NowPlayingTestClient */; settings = {ATTRIBUTES = (CodeSignOnCopy, ); }; };
		F5A6B7C8D9E0F1A2B3C4D5E6 /* NewAPIUsageTests.swift in Sources */ = {isa = PBXBuildFile; fileRef = F6B7C8D9E0F1A2B3C4D5E6F7 /* NewAPIUsageTests.swift */; };
		F910B9C812C7AEFE2293F7D2 /* Cocoa.framework in Frameworks */ = {isa = PBXBuildFile; fileRef = 47C39E67B09152F6665ED683 /* Cocoa.framework */; };
/* End PBXBuildFile section */

/* Begin PBXContainerItemProxy section */
		D9AAA842E7A7289EDDEAE9BB /* PBXContainerItemProxy */ = {
			isa = PBXContainerItemProxy;
			containerPortal = F54406DF2CD4987A00C7AFD9 /* Project object */;
			proxyType = 1;
			remoteGlobalIDString = F54406E62CD4987A00C7AFD9;
			remoteInfo = DynamicIsland;
		};
/* End PBXContainerItemProxy section */

/* Begin PBXCopyFilesBuildPhase section */
		7EA69B1B2F5AE13500EB2D16 /* CopyFiles */ = {
			isa = PBXCopyFilesBuildPhase;
			buildActionMask = 2147483647;
			dstPath = Contents/Helpers;
			dstSubfolderSpec = 1;
			files = (
				F3E4D5C6B7A8E9F0A1B2C3D4 /* Contents/Helpers/NowPlayingTestClient in CopyFiles */,
			);
			runOnlyForDeploymentPostprocessing = 0;
		};
/* End PBXCopyFilesBuildPhase section */

/* Begin PBXFileReference section */
		0796C681D7B557C0110EC381 /* DynamicIslandTests.xctest */ = {isa = PBXFileReference; explicitFileType = wrapper.cfbundle; includeInIndex = 0; path = DynamicIslandTests.xctest; sourceTree = BUILT_PRODUCTS_DIR; };
		2137D0F9431A495AA62ACE96 /* NowPlayingPayloadTests.swift */ = {isa = PBXFileReference; lastKnownFileType = sourcecode.swift; path = NowPlayingPayloadTests.swift; sourceTree = "<group>"; };
		2EB37667F763422E97DEEB49 /* MenuBarClearanceTests.swift */ = {isa = PBXFileReference; lastKnownFileType = sourcecode.swift; path = MenuBarClearanceTests.swift; sourceTree = "<group>"; };
		47C39E67B09152F6665ED683 /* Cocoa.framework */ = {isa = PBXFileReference; lastKnownFileType = wrapper.framework; name = Cocoa.framework; path = System/Library/Frameworks/Cocoa.framework; sourceTree = SDKROOT; };
		54078F29304A9DBBEFBDF932 /* DynamicIslandUITests.swift */ = {isa = PBXFileReference; includeInIndex = 1; lastKnownFileType = sourcecode.swift; path = DynamicIslandUITests.swift; sourceTree = "<group>"; };
		7E25ECA02E6C6C3800700E72 /* CoreBrightness.framework */ = {isa = PBXFileReference; lastKnownFileType = wrapper.framework; name = CoreBrightness.framework; path = /System/Library/PrivateFrameworks/CoreBrightness.framework; sourceTree = "<absolute>"; };
		7E25ECA22E6C6E2600700E72 /* OSD.framework */ = {isa = PBXFileReference; lastKnownFileType = wrapper.framework; name = OSD.framework; path = /System/Library/PrivateFrameworks/OSD.framework; sourceTree = "<absolute>"; };
		7E25ECA42E6C6E7800700E72 /* DisplayServices.framework */ = {isa = PBXFileReference; lastKnownFileType = wrapper.framework; name = DisplayServices.framework; path = /System/Library/PrivateFrameworks/DisplayServices.framework; sourceTree = "<absolute>"; };
		7E6856472EA963FD00D261F5 /* Lock.json */ = {isa = PBXFileReference; lastKnownFileType = text.json; path = Lock.json; sourceTree = "<group>"; };
		7E81303D2E3FB40500E08F3F /* mediaremote-adapter.pl */ = {isa = PBXFileReference; lastKnownFileType = text.script.perl; path = "mediaremote-adapter.pl"; sourceTree = "<group>"; };
		7E8840D62E9A346700C5CB8C /* Dog waiting.json */ = {isa = PBXFileReference; lastKnownFileType = text.json; path = "Dog waiting.json"; sourceTree = "<group>"; };
		7E8840D82E9A347000C5CB8C /* Moody Dog.json */ = {isa = PBXFileReference; lastKnownFileType = text.json; path = "Moody Dog.json"; sourceTree = "<group>"; };
		7E8840DA2E9A347800C5CB8C /* Orange Cat Peeping.json */ = {isa = PBXFileReference; lastKnownFileType = text.json; path = "Orange Cat Peeping.json"; sourceTree = "<group>"; };
		7E9911AF2EFD7D1B002EDFD5 /* Reindeer.json */ = {isa = PBXFileReference; lastKnownFileType = text.json; path = Reindeer.json; sourceTree = "<group>"; };
		7EE1D73C2E6B1E0B00997219 /* ApplicationServices.framework */ = {isa = PBXFileReference; lastKnownFileType = wrapper.framework; name = ApplicationServices.framework; path = System/Library/Frameworks/ApplicationServices.framework; sourceTree = SDKROOT; };
		7EE1D73E2E6B1E1200997219 /* IOKit.framework */ = {isa = PBXFileReference; lastKnownFileType = wrapper.framework; name = IOKit.framework; path = System/Library/Frameworks/IOKit.framework; sourceTree = SDKROOT; };
		7EF10C112F817ECF004229A0 /* Accelerate.framework */ = {isa = PBXFileReference; lastKnownFileType = wrapper.framework; name = Accelerate.framework; path = System/Library/Frameworks/Accelerate.framework; sourceTree = SDKROOT; };
		8DC2ACF06B40405DB1A8F99E /* MarqueeTextMeasurementTests.swift */ = {isa = PBXFileReference; lastKnownFileType = sourcecode.swift; path = MarqueeTextMeasurementTests.swift; sourceTree = "<group>"; };
		957599910322B546D91E6F96 /* Info.plist */ = {isa = PBXFileReference; includeInIndex = 1; lastKnownFileType = text.plist.xml; path = Info.plist; sourceTree = "<group>"; };
		9A7D1A022F90000200A71002 /* AudioTapTests.swift */ = {isa = PBXFileReference; includeInIndex = 1; lastKnownFileType = sourcecode.swift; path = AudioTapTests.swift; sourceTree = "<group>"; };
		A058D80A7EF44593B0F24EB7 /* DynamicIslandUITests.xctest */ = {isa = PBXFileReference; explicitFileType = wrapper.cfbundle; includeInIndex = 0; path = DynamicIslandUITests.xctest; sourceTree = BUILT_PRODUCTS_DIR; };
		A1B2C3D40000000000000002 /* LyricsMetadataTests.swift */ = {isa = PBXFileReference; includeInIndex = 1; lastKnownFileType = sourcecode.swift; path = LyricsMetadataTests.swift; sourceTree = "<group>"; };
		A1B2C3D40000000000000004 /* NetEaseLyricsTests.swift */ = {isa = PBXFileReference; includeInIndex = 1; lastKnownFileType = sourcecode.swift; path = NetEaseLyricsTests.swift; sourceTree = "<group>"; };
		FA1B2C3D00000000000000B2 /* TabOrderTests.swift */ = {isa = PBXFileReference; includeInIndex = 1; lastKnownFileType = sourcecode.swift; path = TabOrderTests.swift; sourceTree = "<group>"; };
		FA1B2C3D00000000000000C2 /* NowPlayingControllerPreferenceTests.swift */ = {isa = PBXFileReference; includeInIndex = 1; lastKnownFileType = sourcecode.swift; path = NowPlayingControllerPreferenceTests.swift; sourceTree = "<group>"; };
		FA1B2C3D00000000000000D2 /* ScreenAssistantOllamaDefaultsTests.swift */ = {isa = PBXFileReference; includeInIndex = 1; lastKnownFileType = sourcecode.swift; path = ScreenAssistantOllamaDefaultsTests.swift; sourceTree = "<group>"; };
		A1B2C3D4E5F60718293A4B5D /* ExtensionRPCServerTests.swift */ = {isa = PBXFileReference; includeInIndex = 1; lastKnownFileType = sourcecode.swift; path = ExtensionRPCServerTests.swift; sourceTree = "<group>"; };
		A4B5C6D7E8F90123456789AC /* AppleMusicControllerTests.swift */ = {isa = PBXFileReference; includeInIndex = 1; lastKnownFileType = sourcecode.swift; path = AppleMusicControllerTests.swift; sourceTree = "<group>"; };
		A70F1A022F90000100F1A001 /* FingerprintScan.json */ = {isa = PBXFileReference; lastKnownFileType = text.json; path = FingerprintScan.json; sourceTree = "<group>"; };
		B1C2D3E4F5061728394A5B6D /* PartialDownloadTests.swift */ = {isa = PBXFileReference; includeInIndex = 1; lastKnownFileType = sourcecode.swift; path = PartialDownloadTests.swift; sourceTree = "<group>"; };
		B1C2D3E4F5A60718293A4B02 /* MediaKeyTapRetryPolicyTests.swift */ = {isa = PBXFileReference; includeInIndex = 1; lastKnownFileType = sourcecode.swift; path = MediaKeyTapRetryPolicyTests.swift; sourceTree = "<group>"; };
		C0DEFACE1234567890ABCDEF /* FlyoutFrameCalculatorTests.swift */ = {isa = PBXFileReference; includeInIndex = 1; lastKnownFileType = sourcecode.swift; path = FlyoutFrameCalculatorTests.swift; sourceTree = "<group>"; };
		C1A2B3C4D5E6F70819AB2C3E /* ClipboardHistoryPersistenceTests.swift */ = {isa = PBXFileReference; lastKnownFileType = sourcecode.swift; path = ClipboardHistoryPersistenceTests.swift; sourceTree = "<group>"; };
		C1DE0FAV0001000000000002 /* CiderFavoritingTests.swift */ = {isa = PBXFileReference; includeInIndex = 1; lastKnownFileType = sourcecode.swift; path = CiderFavoritingTests.swift; sourceTree = "<group>"; };
		D1A2B3C4D5E6F70819AB2C4E /* SystemHUDPlacementTests.swift */ = {isa = PBXFileReference; lastKnownFileType = sourcecode.swift; path = SystemHUDPlacementTests.swift; sourceTree = "<group>"; };
		D82568218362418EA59B2CDC /* LRCParserTests.swift */ = {isa = PBXFileReference; lastKnownFileType = sourcecode.swift; path = LRCParserTests.swift; sourceTree = "<group>"; };
		DAA671E7B1B26733F02166C5 /* Info.plist */ = {isa = PBXFileReference; includeInIndex = 1; lastKnownFileType = text.plist.xml; path = Info.plist; sourceTree = "<group>"; };
		DFA269966BB987D4A1B411A2 /* SpotifyLibraryTests.swift */ = {isa = PBXFileReference; includeInIndex = 1; lastKnownFileType = sourcecode.swift; path = SpotifyLibraryTests.swift; sourceTree = "<group>"; };
		E1F2A3B4C5D6E7F8A9B0C1D2 /* JSONLUsageParserTests.swift */ = {isa = PBXFileReference; includeInIndex = 1; lastKnownFileType = sourcecode.swift; path = JSONLUsageParserTests.swift; sourceTree = "<group>"; };
		F2E3D4C5B6A7E8F9A0B1C2D3 /* Contents/Helpers/NowPlayingTestClient */ = {isa = PBXFileReference; includeInIndex = 1; lastKnownFileType = "compiled.mach-o.executable"; path = Contents/Helpers/NowPlayingTestClient; sourceTree = "<group>"; };
		F4C1DD09EC134302938E84F6 /* MediaRemoteAdapter.framework */ = {isa = PBXFileReference; lastKnownFileType = wrapper.framework; name = MediaRemoteAdapter.framework; path = Frameworks/MediaRemoteAdapter.framework; sourceTree = SOURCE_ROOT; };
		F54406E72CD4987A00C7AFD9 /* Atoll.app */ = {isa = PBXFileReference; explicitFileType = wrapper.application; includeInIndex = 0; path = Atoll.app; sourceTree = BUILT_PRODUCTS_DIR; };
		F6B7C8D9E0F1A2B3C4D5E6F7 /* NewAPIUsageTests.swift */ = {isa = PBXFileReference; includeInIndex = 1; lastKnownFileType = sourcecode.swift; path = NewAPIUsageTests.swift; sourceTree = "<group>"; };
/* End PBXFileReference section */

/* Begin PBXFileSystemSynchronizedBuildFileExceptionSet section */
		7EA69B1E2F5AE61200EB2D16 /* Exceptions for "Contents" folder in "DynamicIsland" target */ = {
			isa = PBXFileSystemSynchronizedBuildFileExceptionSet;
			membershipExceptions = (
				Helpers/NowPlayingTestClient,
			);
			target = F54406E62CD4987A00C7AFD9 /* DynamicIsland */;
		};
		7EA69B212F5B100000EB2D16 /* Exceptions for "DynamicIsland" folder in "DynamicIsland" target */ = {
			isa = PBXFileSystemSynchronizedBuildFileExceptionSet;
			membershipExceptions = (
				Info.plist,
			);
			target = F54406E62CD4987A00C7AFD9 /* DynamicIsland */;
		};
/* End PBXFileSystemSynchronizedBuildFileExceptionSet section */

/* Begin PBXFileSystemSynchronizedRootGroup section */
		7EA69B1C2F5AE15C00EB2D16 /* Contents */ = {
			isa = PBXFileSystemSynchronizedRootGroup;
			exceptions = (
				7EA69B1E2F5AE61200EB2D16 /* Exceptions for "Contents" folder in "DynamicIsland" target */,
			);
			path = Contents;
			sourceTree = "<group>";
		};
		F54406E92CD4987A00C7AFD9 /* DynamicIsland */ = {
			isa = PBXFileSystemSynchronizedRootGroup;
			exceptions = (
				7EA69B212F5B100000EB2D16 /* Exceptions for "DynamicIsland" folder in "DynamicIsland" target */,
			);
			path = DynamicIsland;
			sourceTree = "<group>";
		};
/* End PBXFileSystemSynchronizedRootGroup section */

/* Begin PBXFrameworksBuildPhase section */
		18E9246B2B8735B6DC92B1D6 /* Frameworks */ = {
			isa = PBXFrameworksBuildPhase;
			buildActionMask = 2147483647;
			files = (
				63A78415C5726BE9C806EFAF /* Cocoa.framework in Frameworks */,
			);
			runOnlyForDeploymentPostprocessing = 0;
		};
		C288A7D2D7F2EBA801C0C21F /* Frameworks */ = {
			isa = PBXFrameworksBuildPhase;
			buildActionMask = 2147483647;
			files = (
				F910B9C812C7AEFE2293F7D2 /* Cocoa.framework in Frameworks */,
			);
			runOnlyForDeploymentPostprocessing = 0;
		};
		F54406E42CD4987A00C7AFD9 /* Frameworks */ = {
			isa = PBXFrameworksBuildPhase;
			buildActionMask = 2147483647;
			files = (
				7EF19C172F577040005B9929 /* SwiftTerm in Frameworks */,
				7EF10C122F817ECF004229A0 /* Accelerate.framework in Frameworks */,
				7E1ADF1D2EA209B1001DA867 /* SkyLightWindow in Frameworks */,
				7EE1D73F2E6B1E1200997219 /* IOKit.framework in Frameworks */,
				7EE1D73D2E6B1E0B00997219 /* ApplicationServices.framework in Frameworks */,
				7E61181C2E24071E0050006C /* MacroVisionKit in Frameworks */,
				7E61181B2E24071E0050006C /* LottieUI in Frameworks */,
				7E61181A2E24071E0050006C /* SwiftUIIntrospect in Frameworks */,
				7E6118192E24071E0050006C /* Defaults in Frameworks */,
				7E6118172E24071E0050006C /* Collections in Frameworks */,
				7E6118162E24071E0050006C /* KeyboardShortcuts in Frameworks */,
				7E6118152E24071E0050006C /* Sparkle in Frameworks */,
				7E288D122F1659EF0020C117 /* AtollExtensionKit in Frameworks */,
				7E6118142E24071E0050006C /* LaunchAtLogin in Frameworks */,
			);
			runOnlyForDeploymentPostprocessing = 0;
		};
/* End PBXFrameworksBuildPhase section */

/* Begin PBXGroup section */
		2402D98A7C199588E79096D5 /* OS X */ = {
			isa = PBXGroup;
			children = (
				47C39E67B09152F6665ED683 /* Cocoa.framework */,
			);
			name = "OS X";
			sourceTree = "<group>";
		};
		50983E4A1FCC1F5E2220FF8A /* DynamicIslandTests */ = {
			isa = PBXGroup;
			children = (
				9A7D1A022F90000200A71002 /* AudioTapTests.swift */,
				A4B5C6D7E8F90123456789AC /* AppleMusicControllerTests.swift */,
				C0DEFACE1234567890ABCDEF /* FlyoutFrameCalculatorTests.swift */,
				B1C2D3E4F5A60718293A4B02 /* MediaKeyTapRetryPolicyTests.swift */,
				D82568218362418EA59B2CDC /* LRCParserTests.swift */,
				2137D0F9431A495AA62ACE96 /* NowPlayingPayloadTests.swift */,
				8DC2ACF06B40405DB1A8F99E /* MarqueeTextMeasurementTests.swift */,
				DFA269966BB987D4A1B411A2 /* SpotifyLibraryTests.swift */,
				C1DE0FAV0001000000000002 /* CiderFavoritingTests.swift */,
				2EB37667F763422E97DEEB49 /* MenuBarClearanceTests.swift */,
				A1B2C3D40000000000000002 /* LyricsMetadataTests.swift */,
				A1B2C3D40000000000000004 /* NetEaseLyricsTests.swift */,
				FA1B2C3D00000000000000B2 /* TabOrderTests.swift */,
				FA1B2C3D00000000000000C2 /* NowPlayingControllerPreferenceTests.swift */,
				FA1B2C3D00000000000000D2 /* ScreenAssistantOllamaDefaultsTests.swift */,
				A1B2C3D4E5F60718293A4B5D /* ExtensionRPCServerTests.swift */,
				C1A2B3C4D5E6F70819AB2C3E /* ClipboardHistoryPersistenceTests.swift */,
				D1A2B3C4D5E6F70819AB2C4E /* SystemHUDPlacementTests.swift */,
				E1F2A3B4C5D6E7F8A9B0C1D2 /* JSONLUsageParserTests.swift */,
				B1C2D3E4F5061728394A5B6D /* PartialDownloadTests.swift */,
				F6B7C8D9E0F1A2B3C4D5E6F7 /* NewAPIUsageTests.swift */,
				957599910322B546D91E6F96 /* Info.plist */,
			);
			path = DynamicIslandTests;
			sourceTree = "<group>";
		};
		7E81303F2E3FB40500E08F3F /* mediaremote-adapter */ = {
			isa = PBXGroup;
			children = (
				7E81303D2E3FB40500E08F3F /* mediaremote-adapter.pl */,
				F4C1DD09EC134302938E84F6 /* MediaRemoteAdapter.framework */,
			);
			path = "mediaremote-adapter";
			sourceTree = "<group>";
		};
		7E81304F2E3FB42700E08F3F /* Frameworks */ = {
			isa = PBXGroup;
			children = (
				7EF10C112F817ECF004229A0 /* Accelerate.framework */,
				7E25ECA02E6C6C3800700E72 /* CoreBrightness.framework */,
				7E25ECA42E6C6E7800700E72 /* DisplayServices.framework */,
				7E25ECA22E6C6E2600700E72 /* OSD.framework */,
				7EE1D73E2E6B1E1200997219 /* IOKit.framework */,
				7EE1D73C2E6B1E0B00997219 /* ApplicationServices.framework */,
				2402D98A7C199588E79096D5 /* OS X */,
			);
			name = Frameworks;
			sourceTree = "<group>";
		};
		7E8840D52E9A341F00C5CB8C /* LottieAnimations */ = {
			isa = PBXGroup;
			children = (
				7E6856472EA963FD00D261F5 /* Lock.json */,
				A70F1A022F90000100F1A001 /* FingerprintScan.json */,
				7E8840D62E9A346700C5CB8C /* Dog waiting.json */,
				7E9911AF2EFD7D1B002EDFD5 /* Reindeer.json */,
				7E8840D82E9A347000C5CB8C /* Moody Dog.json */,
				7E8840DA2E9A347800C5CB8C /* Orange Cat Peeping.json */,
			);
			path = LottieAnimations;
			sourceTree = "<group>";
		};
		8A5BBA1D30357EBF00E3B99D /* Recovered References */ = {
			isa = PBXGroup;
			children = (
				F2E3D4C5B6A7E8F9A0B1C2D3 /* Contents/Helpers/NowPlayingTestClient */,
			);
			name = "Recovered References";
			sourceTree = "<group>";
		};
		BF9102C8771E45168EF97D18 /* DynamicIslandUITests */ = {
			isa = PBXGroup;
			children = (
				54078F29304A9DBBEFBDF932 /* DynamicIslandUITests.swift */,
				DAA671E7B1B26733F02166C5 /* Info.plist */,
			);
			path = DynamicIslandUITests;
			sourceTree = "<group>";
		};
		F54406DE2CD4987A00C7AFD9 = {
			isa = PBXGroup;
			children = (
				7EA69B1C2F5AE15C00EB2D16 /* Contents */,
				7E8840D52E9A341F00C5CB8C /* LottieAnimations */,
				7E81304F2E3FB42700E08F3F /* Frameworks */,
				7E81303F2E3FB40500E08F3F /* mediaremote-adapter */,
				F54406E92CD4987A00C7AFD9 /* DynamicIsland */,
				F54406E82CD4987A00C7AFD9 /* Products */,
				BF9102C8771E45168EF97D18 /* DynamicIslandUITests */,
				50983E4A1FCC1F5E2220FF8A /* DynamicIslandTests */,
				8A5BBA1D30357EBF00E3B99D /* Recovered References */,
			);
			sourceTree = "<group>";
		};
		F54406E82CD4987A00C7AFD9 /* Products */ = {
			isa = PBXGroup;
			children = (
				F54406E72CD4987A00C7AFD9 /* Atoll.app */,
				A058D80A7EF44593B0F24EB7 /* DynamicIslandUITests.xctest */,
				0796C681D7B557C0110EC381 /* DynamicIslandTests.xctest */,
			);
			name = Products;
			sourceTree = "<group>";
		};
/* End PBXGroup section */

/* Begin PBXNativeTarget section */
		0BED81992D1F2C18E8684884 /* DynamicIslandTests */ = {
			isa = PBXNativeTarget;
			buildConfigurationList = E5DBE55A111A6608A1AA80DB /* Build configuration list for PBXNativeTarget "DynamicIslandTests" */;
			buildPhases = (
				838F3057E237C722BA8D6CA6 /* Sources */,
				18E9246B2B8735B6DC92B1D6 /* Frameworks */,
				15F8B495D54BBEC1A58B9D3F /* Resources */,
			);
			buildRules = (
			);
			dependencies = (
				BFEC24CC6BD7982DEC013752 /* PBXTargetDependency */,
			);
			name = DynamicIslandTests;
			productName = DynamicIslandTests;
			productReference = 0796C681D7B557C0110EC381 /* DynamicIslandTests.xctest */;
			productType = "com.apple.product-type.bundle.unit-test";
		};
		9CA407B492164F5AEF356E38 /* DynamicIslandUITests */ = {
			isa = PBXNativeTarget;
			buildConfigurationList = 0EE2CF1552DB8896698C28BD /* Build configuration list for PBXNativeTarget "DynamicIslandUITests" */;
			buildPhases = (
				A11BBB270825A1AC5909239B /* Sources */,
				C288A7D2D7F2EBA801C0C21F /* Frameworks */,
				9C06E3344924740808B96105 /* Resources */,
			);
			buildRules = (
			);
			dependencies = (
			);
			name = DynamicIslandUITests;
			productName = DynamicIslandUITests;
			productReference = A058D80A7EF44593B0F24EB7 /* DynamicIslandUITests.xctest */;
			productType = "com.apple.product-type.bundle.ui-testing";
		};
		F54406E62CD4987A00C7AFD9 /* DynamicIsland */ = {
			isa = PBXNativeTarget;
			buildConfigurationList = F54406F62CD4987B00C7AFD9 /* Build configuration list for PBXNativeTarget "DynamicIsland" */;
			buildPhases = (
				F54406E32CD4987A00C7AFD9 /* Sources */,
				F54406E42CD4987A00C7AFD9 /* Frameworks */,
				F54406E52CD4987A00C7AFD9 /* Resources */,
				7EA69B1B2F5AE13500EB2D16 /* CopyFiles */,
				7EFAA8AA2F6F12F3000A99E8 /* ShellScript */,
			);
			buildRules = (
			);
			dependencies = (
			);
			fileSystemSynchronizedGroups = (
				7EA69B1C2F5AE15C00EB2D16 /* Contents */,
				F54406E92CD4987A00C7AFD9 /* DynamicIsland */,
			);
			name = DynamicIsland;
			packageProductDependencies = (
				14D032192C68F32E0096E6A1 /* LaunchAtLogin */,
				14D0321C2C68F3350096E6A1 /* Sparkle */,
				B18654382C6F4990000B926A /* KeyboardShortcuts */,
				9A987A0F2C73CA8D005CA465 /* Collections */,
				B19016212CC15B3D00E3F12E /* Defaults */,
				B1628B912CC260C0003D8DF3 /* SwiftUIIntrospect */,
				B194240A2CD10017003E5DC2 /* LottieUI */,
				146BC4362D366E9B0047C66A /* MacroVisionKit */,
				7E61181E2E24071E0050006C /* SkyLightWindow */,
				7E288D112F1659EF0020C117 /* AtollExtensionKit */,
				7EF19C162F577040005B9929 /* SwiftTerm */,
			);
			productName = DynamicIsland;
			productReference = F54406E72CD4987A00C7AFD9 /* Atoll.app */;
			productType = "com.apple.product-type.application";
		};
/* End PBXNativeTarget section */

/* Begin PBXProject section */
		F54406DF2CD4987A00C7AFD9 /* Project object */ = {
			isa = PBXProject;
			attributes = {
				BuildIndependentTargetsInParallel = 1;
				LastSwiftUpdateCheck = 1600;
				LastUpgradeCheck = 1600;
				TargetAttributes = {
					F54406E62CD4987A00C7AFD9 = {
						CreatedOnToolsVersion = 16.0;
					};
				};
			};
			buildConfigurationList = F54406E22CD4987A00C7AFD9 /* Build configuration list for PBXProject "DynamicIsland" */;
			developmentRegion = en;
			hasScannedForEncodings = 0;
			knownRegions = (
				en,
				tr,
				Base,
				hi,
				ta,
				gu,
				nl,
			);
			mainGroup = F54406DE2CD4987A00C7AFD9;
			minimizedProjectReferenceProxies = 1;
			packageReferences = (
				F54407082CD4A23F00C7AFD9 /* XCRemoteSwiftPackageReference "swift-collections" */,
				14D032182C68F32E0096E6A1 /* XCRemoteSwiftPackageReference "LaunchAtLogin-Modern" */,
				14D0321B2C68F3350096E6A1 /* XCRemoteSwiftPackageReference "Sparkle" */,
				B18654372C6F4990000B926A /* XCRemoteSwiftPackageReference "KeyboardShortcuts" */,
				9A987A112C73CAA1005CA465 /* XCRemoteSwiftPackageReference "Pow" */,
				B19016202CC15B3D00E3F12E /* XCRemoteSwiftPackageReference "Defaults" */,
				B1628B902CC260C0003D8DF3 /* XCRemoteSwiftPackageReference "swiftui-introspect" */,
				B19424072CD0DB52003E5DC2 /* XCRemoteSwiftPackageReference "LottieUI" */,
				146BC4352D366E9B0047C66A /* XCRemoteSwiftPackageReference "MacroVisionKit" */,
				7E61181F2E24071E0050006C /* XCRemoteSwiftPackageReference "SkyLightWindow" */,
				7E09D5962EB7B497005AF41D /* XCRemoteSwiftPackageReference "open-meteo" */,
				7E288D102F1659EF0020C117 /* XCRemoteSwiftPackageReference "AtollExtensionKit" */,
				7EF19C152F577040005B9929 /* XCRemoteSwiftPackageReference "SwiftTerm" */,
			);
			preferredProjectObjectVersion = 77;
			productRefGroup = F54406E82CD4987A00C7AFD9 /* Products */;
			projectDirPath = "";
			projectRoot = "";
			targets = (
				F54406E62CD4987A00C7AFD9 /* DynamicIsland */,
				9CA407B492164F5AEF356E38 /* DynamicIslandUITests */,
				0BED81992D1F2C18E8684884 /* DynamicIslandTests */,
			);
		};
/* End PBXProject section */

/* Begin PBXResourcesBuildPhase section */
		15F8B495D54BBEC1A58B9D3F /* Resources */ = {
			isa = PBXResourcesBuildPhase;
			buildActionMask = 2147483647;
			files = (
			);
			runOnlyForDeploymentPostprocessing = 0;
		};
		9C06E3344924740808B96105 /* Resources */ = {
			isa = PBXResourcesBuildPhase;
			buildActionMask = 2147483647;
			files = (
			);
			runOnlyForDeploymentPostprocessing = 0;
		};
		F54406E52CD4987A00C7AFD9 /* Resources */ = {
			isa = PBXResourcesBuildPhase;
			buildActionMask = 2147483647;
			files = (
				7E9918722EFDAE5B002EDFD5 /* MediaRemoteAdapter.framework in Resources */,
				7E8130402E3FB40500E08F3F /* mediaremote-adapter.pl in Resources */,
				7E6856482EA963FD00D261F5 /* Lock.json in Resources */,
				A70F1A012F90000100F1A001 /* FingerprintScan.json in Resources */,
				7E8840D92E9A347000C5CB8C /* Moody Dog.json in Resources */,
				7E9911B02EFD7D1B002EDFD5 /* Reindeer.json in Resources */,
				7E8840D72E9A346700C5CB8C /* Dog waiting.json in Resources */,
				7E8840DB2E9A347800C5CB8C /* Orange Cat Peeping.json in Resources */,
			);
			runOnlyForDeploymentPostprocessing = 0;
		};
/* End PBXResourcesBuildPhase section */

/* Begin PBXShellScriptBuildPhase section */
		7EFAA8AA2F6F12F3000A99E8 /* ShellScript */ = {
			isa = PBXShellScriptBuildPhase;
			alwaysOutOfDate = 1;
			buildActionMask = 2147483647;
			files = (
			);
			inputFileListPaths = (
			);
			inputPaths = (
			);
			outputFileListPaths = (
			);
			outputPaths = (
			);
			runOnlyForDeploymentPostprocessing = 0;
			shellPath = /bin/sh;
			shellScript = "if [ \"$CONFIGURATION\" != \"Release\" ] || [ \"$ACTION\" != \"install\" ]; then\n\texit 0\nfi\n\nAPP=\"$CODESIGNING_FOLDER_PATH\"\nSPARKLE=\"$APP/Contents/Frameworks/Sparkle.framework\"\nXPC_DIR=\"$SPARKLE/Versions/Current/XPCServices\"\n\nif [ ! -d \"$XPC_DIR\" ]; then\n\texit 0\nfi\n\nfor xpc in \"$XPC_DIR\"/*.xpc; do\n\t/usr/bin/codesign --force --sign \"$EXPANDED_CODE_SIGN_IDENTITY\" --timestamp --options runtime --preserve-metadata=identifier,entitlements \"$xpc\"\ndone\n\n/usr/bin/codesign --force --sign \"$EXPANDED_CODE_SIGN_IDENTITY\" --timestamp --options runtime --preserve-metadata=identifier,entitlements \"$SPARKLE\"\n";
		};
/* End PBXShellScriptBuildPhase section */

/* Begin PBXSourcesBuildPhase section */
		838F3057E237C722BA8D6CA6 /* Sources */ = {
			isa = PBXSourcesBuildPhase;
			buildActionMask = 2147483647;
			files = (
				9A7D1A012F90000200A71001 /* AudioTapTests.swift in Sources */,
				A4B5C6D7E8F90123456789AB /* AppleMusicControllerTests.swift in Sources */,
				B4777BB9FE29243B253B8306 /* SpotifyLibraryTests.swift in Sources */,
				C1DE0FAV0001000000000001 /* CiderFavoritingTests.swift in Sources */,
				738C4EBB63E3449B923997D0 /* MenuBarClearanceTests.swift in Sources */,
				A1B2C3D40000000000000001 /* LyricsMetadataTests.swift in Sources */,
				A1B2C3D40000000000000003 /* NetEaseLyricsTests.swift in Sources */,
				FA1B2C3D00000000000000B1 /* TabOrderTests.swift in Sources */,
				FA1B2C3D00000000000000C1 /* NowPlayingControllerPreferenceTests.swift in Sources */,
				FA1B2C3D00000000000000D1 /* ScreenAssistantOllamaDefaultsTests.swift in Sources */,
				A1B2C3D4E5F60718293A4B5C /* ExtensionRPCServerTests.swift in Sources */,
				C1A2B3C4D5E6F70819AB2C3D /* ClipboardHistoryPersistenceTests.swift in Sources */,
				D1A2B3C4D5E6F70819AB2C4D /* SystemHUDPlacementTests.swift in Sources */,
				F1E2D3C4B5A6E7F8A9B0C1D2 /* JSONLUsageParserTests.swift in Sources */,
				C0DECAFE1234567890ABCDEF /* FlyoutFrameCalculatorTests.swift in Sources */,
				B1C2D3E4F5A60718293A4B01 /* MediaKeyTapRetryPolicyTests.swift in Sources */,
				F5A6B7C8D9E0F1A2B3C4D5E6 /* NewAPIUsageTests.swift in Sources */,
				B5E314BBF3AF4E6D8E90B25B /* LRCParserTests.swift in Sources */,
				8C9E422544384A70B829EDE7 /* NowPlayingPayloadTests.swift in Sources */,
				6B8DE5BE065E4BFE9E531A74 /* MarqueeTextMeasurementTests.swift in Sources */,
				B1C2D3E4F5061728394A5B6C /* PartialDownloadTests.swift in Sources */,
			);
			runOnlyForDeploymentPostprocessing = 0;
		};
		A11BBB270825A1AC5909239B /* Sources */ = {
			isa = PBXSourcesBuildPhase;
			buildActionMask = 2147483647;
			files = (
				A3C83CAF84544DCE386C3BB8 /* DynamicIslandUITests.swift in Sources */,
			);
			runOnlyForDeploymentPostprocessing = 0;
		};
		F54406E32CD4987A00C7AFD9 /* Sources */ = {
			isa = PBXSourcesBuildPhase;
			buildActionMask = 2147483647;
			files = (
			);
			runOnlyForDeploymentPostprocessing = 0;
		};
/* End PBXSourcesBuildPhase section */

/* Begin PBXTargetDependency section */
		BFEC24CC6BD7982DEC013752 /* PBXTargetDependency */ = {
			isa = PBXTargetDependency;
			name = DynamicIsland;
			target = F54406E62CD4987A00C7AFD9 /* DynamicIsland */;
			targetProxy = D9AAA842E7A7289EDDEAE9BB /* PBXContainerItemProxy */;
		};
/* End PBXTargetDependency section */

/* Begin XCBuildConfiguration section */
		1D3C7B18ECFF6DEECBEF798B /* Debug */ = {
			isa = XCBuildConfiguration;
			buildSettings = {
				BUNDLE_LOADER = "$(TEST_HOST)";
				GENERATE_INFOPLIST_FILE = NO;
				INFOPLIST_FILE = DynamicIslandTests/Info.plist;
				LD_RUNPATH_SEARCH_PATHS = (
					"$(inherited)",
					"@executable_path/../Frameworks",
					"@loader_path/../Frameworks",
				);
				MACOSX_DEPLOYMENT_TARGET = 15.0;
				PRODUCT_BUNDLE_IDENTIFIER = com.Ebullioscopic.Atoll.DynamicIslandTests;
				PRODUCT_MODULE_NAME = DynamicIslandTests;
				PRODUCT_NAME = DynamicIslandTests;
				SDKROOT = macosx;
				SWIFT_VERSION = 5.0;
				TEST_HOST = "$(BUILT_PRODUCTS_DIR)/brew.app/Contents/MacOS/brew";
			};
			name = Debug;
		};
		47D3CCE276A629D16371338D /* Release */ = {
			isa = XCBuildConfiguration;
			buildSettings = {
				BUNDLE_LOADER = "$(TEST_HOST)";
				GENERATE_INFOPLIST_FILE = NO;
				INFOPLIST_FILE = DynamicIslandTests/Info.plist;
				LD_RUNPATH_SEARCH_PATHS = (
					"$(inherited)",
					"@executable_path/../Frameworks",
					"@loader_path/../Frameworks",
				);
				MACOSX_DEPLOYMENT_TARGET = 15.0;
				PRODUCT_BUNDLE_IDENTIFIER = com.Ebullioscopic.Atoll.DynamicIslandTests;
				PRODUCT_MODULE_NAME = DynamicIslandTests;
				PRODUCT_NAME = DynamicIslandTests;
				SDKROOT = macosx;
				SWIFT_VERSION = 5.0;
				TEST_HOST = "$(BUILT_PRODUCTS_DIR)/brew.app/Contents/MacOS/brew";
			};
			name = Release;
		};
		76C88DDCF7D65738FAD9DB22 /* Debug */ = {
			isa = XCBuildConfiguration;
			buildSettings = {
				ENABLE_TESTING_SEARCH_PATHS = YES;
				ENABLE_USER_SCRIPT_SANDBOXING = YES;
				FRAMEWORK_SEARCH_PATHS = (
					"$(inherited)",
					"$(PLATFORM_DIR)/Developer/Library/Frameworks",
				);
				INFOPLIST_FILE = DynamicIslandUITests/Info.plist;
				LD_RUNPATH_SEARCH_PATHS = (
					"$(inherited)",
					"@executable_path/../Frameworks",
					"@loader_path/../Frameworks",
				);
				MACOSX_DEPLOYMENT_TARGET = 14.0;
				PRODUCT_BUNDLE_IDENTIFIER = com.atoll.DynamicIslandUITests;
				PRODUCT_MODULE_NAME = DynamicIslandUITests;
				PRODUCT_NAME = DynamicIslandUITests;
				SDKROOT = macosx;
				SWIFT_TESTING_FRAMEWORK = YES;
				SWIFT_VERSION = 5.0;
				TEST_TARGET_NAME = DynamicIsland;
				USES_SWIFT_TESTING = YES;
			};
			name = Debug;
		};
		80C3D48B29D18AD34C41AA75 /* Release */ = {
			isa = XCBuildConfiguration;
			buildSettings = {
				ENABLE_TESTING_SEARCH_PATHS = YES;
				ENABLE_USER_SCRIPT_SANDBOXING = YES;
				FRAMEWORK_SEARCH_PATHS = (
					"$(inherited)",
					"$(PLATFORM_DIR)/Developer/Library/Frameworks",
				);
				INFOPLIST_FILE = DynamicIslandUITests/Info.plist;
				LD_RUNPATH_SEARCH_PATHS = (
					"$(inherited)",
					"@executable_path/../Frameworks",
					"@loader_path/../Frameworks",
				);
				MACOSX_DEPLOYMENT_TARGET = 14.0;
				PRODUCT_BUNDLE_IDENTIFIER = com.atoll.DynamicIslandUITests;
				PRODUCT_MODULE_NAME = DynamicIslandUITests;
				PRODUCT_NAME = DynamicIslandUITests;
				SDKROOT = macosx;
				SWIFT_TESTING_FRAMEWORK = YES;
				SWIFT_VERSION = 5.0;
				TEST_TARGET_NAME = DynamicIsland;
				USES_SWIFT_TESTING = YES;
			};
			name = Release;
		};
		F54406F42CD4987B00C7AFD9 /* Debug */ = {
			isa = XCBuildConfiguration;
			buildSettings = {
				ALWAYS_SEARCH_USER_PATHS = NO;
				ASSETCATALOG_COMPILER_GENERATE_SWIFT_ASSET_SYMBOL_EXTENSIONS = YES;
				CLANG_ANALYZER_NONNULL = YES;
				CLANG_ANALYZER_NUMBER_OBJECT_CONVERSION = YES_AGGRESSIVE;
				CLANG_CXX_LANGUAGE_STANDARD = "gnu++20";
				CLANG_ENABLE_MODULES = YES;
				CLANG_ENABLE_OBJC_ARC = YES;
				CLANG_ENABLE_OBJC_WEAK = YES;
				CLANG_WARN_BLOCK_CAPTURE_AUTORELEASING = YES;
				CLANG_WARN_BOOL_CONVERSION = YES;
				CLANG_WARN_COMMA = YES;
				CLANG_WARN_CONSTANT_CONVERSION = YES;
				CLANG_WARN_DEPRECATED_OBJC_IMPLEMENTATIONS = YES;
				CLANG_WARN_DIRECT_OBJC_ISA_USAGE = YES_ERROR;
				CLANG_WARN_DOCUMENTATION_COMMENTS = YES;
				CLANG_WARN_EMPTY_BODY = YES;
				CLANG_WARN_ENUM_CONVERSION = YES;
				CLANG_WARN_INFINITE_RECURSION = YES;
				CLANG_WARN_INT_CONVERSION = YES;
				CLANG_WARN_NON_LITERAL_NULL_CONVERSION = YES;
				CLANG_WARN_OBJC_IMPLICIT_RETAIN_SELF = YES;
				CLANG_WARN_OBJC_LITERAL_CONVERSION = YES;
				CLANG_WARN_OBJC_ROOT_CLASS = YES_ERROR;
				CLANG_WARN_QUOTED_INCLUDE_IN_FRAMEWORK_HEADER = YES;
				CLANG_WARN_RANGE_LOOP_ANALYSIS = YES;
				CLANG_WARN_STRICT_PROTOTYPES = YES;
				CLANG_WARN_SUSPICIOUS_MOVE = YES;
				CLANG_WARN_UNGUARDED_AVAILABILITY = YES_AGGRESSIVE;
				CLANG_WARN_UNREACHABLE_CODE = YES;
				CLANG_WARN__DUPLICATE_METHOD_MATCH = YES;
				COPY_PHASE_STRIP = NO;
				DEBUG_INFORMATION_FORMAT = dwarf;
				ENABLE_STRICT_OBJC_MSGSEND = YES;
				ENABLE_TESTABILITY = YES;
				ENABLE_USER_SCRIPT_SANDBOXING = NO;
				GCC_C_LANGUAGE_STANDARD = gnu17;
				GCC_DYNAMIC_NO_PIC = NO;
				GCC_NO_COMMON_BLOCKS = YES;
				GCC_OPTIMIZATION_LEVEL = 0;
				GCC_PREPROCESSOR_DEFINITIONS = (
					"DEBUG=1",
					"$(inherited)",
				);
				GCC_WARN_64_TO_32_BIT_CONVERSION = YES;
				GCC_WARN_ABOUT_RETURN_TYPE = YES_ERROR;
				GCC_WARN_UNDECLARED_SELECTOR = YES;
				GCC_WARN_UNINITIALIZED_AUTOS = YES_AGGRESSIVE;
				GCC_WARN_UNUSED_FUNCTION = YES;
				GCC_WARN_UNUSED_VARIABLE = YES;
				LOCALIZATION_PREFERS_STRING_CATALOGS = YES;
				MACOSX_DEPLOYMENT_TARGET = 15.0;
				MTL_ENABLE_DEBUG_INFO = INCLUDE_SOURCE;
				MTL_FAST_MATH = YES;
				ONLY_ACTIVE_ARCH = YES;
				SDKROOT = macosx;
				SWIFT_ACTIVE_COMPILATION_CONDITIONS = "DEBUG $(inherited)";
				SWIFT_OPTIMIZATION_LEVEL = "-Onone";
			};
			name = Debug;
		};
		F54406F52CD4987B00C7AFD9 /* Release */ = {
			isa = XCBuildConfiguration;
			buildSettings = {
				ALWAYS_SEARCH_USER_PATHS = NO;
				ASSETCATALOG_COMPILER_GENERATE_SWIFT_ASSET_SYMBOL_EXTENSIONS = YES;
				CLANG_ANALYZER_NONNULL = YES;
				CLANG_ANALYZER_NUMBER_OBJECT_CONVERSION = YES_AGGRESSIVE;
				CLANG_CXX_LANGUAGE_STANDARD = "gnu++20";
				CLANG_ENABLE_MODULES = YES;
				CLANG_ENABLE_OBJC_ARC = YES;
				CLANG_ENABLE_OBJC_WEAK = YES;
				CLANG_WARN_BLOCK_CAPTURE_AUTORELEASING = YES;
				CLANG_WARN_BOOL_CONVERSION = YES;
				CLANG_WARN_COMMA = YES;
				CLANG_WARN_CONSTANT_CONVERSION = YES;
				CLANG_WARN_DEPRECATED_OBJC_IMPLEMENTATIONS = YES;
				CLANG_WARN_DIRECT_OBJC_ISA_USAGE = YES_ERROR;
				CLANG_WARN_DOCUMENTATION_COMMENTS = YES;
				CLANG_WARN_EMPTY_BODY = YES;
				CLANG_WARN_ENUM_CONVERSION = YES;
				CLANG_WARN_INFINITE_RECURSION = YES;
				CLANG_WARN_INT_CONVERSION = YES;
				CLANG_WARN_NON_LITERAL_NULL_CONVERSION = YES;
				CLANG_WARN_OBJC_IMPLICIT_RETAIN_SELF = YES;
				CLANG_WARN_OBJC_LITERAL_CONVERSION = YES;
				CLANG_WARN_OBJC_ROOT_CLASS = YES_ERROR;
				CLANG_WARN_QUOTED_INCLUDE_IN_FRAMEWORK_HEADER = YES;
				CLANG_WARN_RANGE_LOOP_ANALYSIS = YES;
				CLANG_WARN_STRICT_PROTOTYPES = YES;
				CLANG_WARN_SUSPICIOUS_MOVE = YES;
				CLANG_WARN_UNGUARDED_AVAILABILITY = YES_AGGRESSIVE;
				CLANG_WARN_UNREACHABLE_CODE = YES;
				CLANG_WARN__DUPLICATE_METHOD_MATCH = YES;
				COPY_PHASE_STRIP = NO;
				DEBUG_INFORMATION_FORMAT = "dwarf-with-dsym";
				ENABLE_NS_ASSERTIONS = NO;
				ENABLE_STRICT_OBJC_MSGSEND = YES;
				ENABLE_USER_SCRIPT_SANDBOXING = NO;
				GCC_C_LANGUAGE_STANDARD = gnu17;
				GCC_NO_COMMON_BLOCKS = YES;
				GCC_WARN_64_TO_32_BIT_CONVERSION = YES;
				GCC_WARN_ABOUT_RETURN_TYPE = YES_ERROR;
				GCC_WARN_UNDECLARED_SELECTOR = YES;
				GCC_WARN_UNINITIALIZED_AUTOS = YES_AGGRESSIVE;
				GCC_WARN_UNUSED_FUNCTION = YES;
				GCC_WARN_UNUSED_VARIABLE = YES;
				LOCALIZATION_PREFERS_STRING_CATALOGS = YES;
				MACOSX_DEPLOYMENT_TARGET = 15.0;
				MTL_ENABLE_DEBUG_INFO = NO;
				MTL_FAST_MATH = YES;
				SDKROOT = macosx;
				SWIFT_COMPILATION_MODE = wholemodule;
			};
			name = Release;
		};
		F54406F72CD4987B00C7AFD9 /* Debug */ = {
			isa = XCBuildConfiguration;
			buildSettings = {
				ASSETCATALOG_COMPILER_GLOBAL_ACCENT_COLOR_NAME = AccentColor;
				AUTOMATION_APPLE_EVENTS = YES;
				CODE_SIGN_ENTITLEMENTS = DynamicIsland/DynamicIsland.entitlements;
				CODE_SIGN_IDENTITY = "Apple Development";
				"CODE_SIGN_IDENTITY[sdk=macosx*]" = "Apple Development";
				CODE_SIGN_STYLE = Automatic;
				COMBINE_HIDPI_IMAGES = YES;
				CURRENT_PROJECT_VERSION = 1257;
				DEVELOPMENT_ASSET_PATHS = "\"DynamicIsland/Preview Content\"";
				DEVELOPMENT_TEAM = 9Y64TRM77N;
				ENABLE_APP_SANDBOX = NO;
				ENABLE_HARDENED_RUNTIME = YES;
				ENABLE_PREVIEWS = YES;
				ENABLE_RESOURCE_ACCESS_AUDIO_INPUT = NO;
				ENABLE_RESOURCE_ACCESS_CALENDARS = YES;
				ENABLE_RESOURCE_ACCESS_CAMERA = YES;
				ENABLE_RESOURCE_ACCESS_CONTACTS = NO;
				ENABLE_RESOURCE_ACCESS_LOCATION = YES;
				ENABLE_RESOURCE_ACCESS_PHOTO_LIBRARY = NO;
				FRAMEWORK_SEARCH_PATHS = (
					"$(inherited)",
					"$(PROJECT_DIR)",
					"$(PROJECT_DIR)/Frameworks",
					"$(PROJECT_DIR)/mediaremote-adapter",
				);
				GENERATE_INFOPLIST_FILE = YES;
				INFOPLIST_FILE = DynamicIsland/Info.plist;
				INFOPLIST_KEY_CFBundleDisplayName = brew;
				INFOPLIST_KEY_LSApplicationCategoryType = "public.app-category.utilities";
				INFOPLIST_KEY_LSUIElement = YES;
				INFOPLIST_KEY_MetalCaptureEnabled = YES;
				INFOPLIST_KEY_NSAppleEventsUsageDescription = "Atoll uses AppleScripts to control Spotify, Apple Music, and Notes.";
				INFOPLIST_KEY_NSBluetoothAlwaysUsageDescription = "Atoll needs Bluetooth access to detect when audio devices connect and display their battery status in the HUD.";
				INFOPLIST_KEY_NSCalendarsFullAccessUsageDescription = "Show calender events inside the notch";
				INFOPLIST_KEY_NSCalendarsUsageDescription = "Need for Calendar Mode";
				INFOPLIST_KEY_NSCameraUsageDescription = "We need your camera for Mirror mode";
				INFOPLIST_KEY_NSDesktopFolderUsageDescription = "Atoll needs access to save screenshots to your desktop.";
				INFOPLIST_KEY_NSDocumentsFolderUsageDescription = "Atoll needs access to save and read shelf dragged files.";
				INFOPLIST_KEY_NSDownloadsFolderUsageDescription = "Atoll needs access to read files in the downloads folder.";
				INFOPLIST_KEY_NSHumanReadableCopyright = "";
				INFOPLIST_KEY_NSLocationUsageDescription = "Atoll uses your location to display accurate lock screen weather.";
				INFOPLIST_KEY_NSLocationWhenInUseUsageDescription = "Atoll uses your location to display accurate lock screen weather.";
				INFOPLIST_KEY_NSMicrophoneUsageDescription = "Atoll needs microphone access to record voice questions for the AI assistant feature.";
				INFOPLIST_KEY_NSRemindersFullAccessUsageDescription = "Atoll needs Reminders access to show your reminders";
				INFOPLIST_KEY_NSRemindersUsageDescription = "Atoll needs Reminders access to show your reminders";
				LD_RUNPATH_SEARCH_PATHS = (
					"$(inherited)",
					"@executable_path/../Frameworks",
				);
				MACOSX_DEPLOYMENT_TARGET = 14.6;
				MARKETING_VERSION = 2.3.3;
				PRODUCT_BUNDLE_IDENTIFIER = com.Ebullioscopic.Atoll.dev;
				PRODUCT_NAME = brew;
				PRODUCT_MODULE_NAME = Atoll;
				PROVISIONING_PROFILE_SPECIFIER = "";
				RUNTIME_EXCEPTION_ALLOW_DYLD_ENVIRONMENT_VARIABLES = NO;
				RUNTIME_EXCEPTION_ALLOW_JIT = NO;
				RUNTIME_EXCEPTION_ALLOW_UNSIGNED_EXECUTABLE_MEMORY = NO;
				RUNTIME_EXCEPTION_DEBUGGING_TOOL = NO;
				RUNTIME_EXCEPTION_DISABLE_EXECUTABLE_PAGE_PROTECTION = NO;
				RUNTIME_EXCEPTION_DISABLE_LIBRARY_VALIDATION = NO;
				SWIFT_EMIT_LOC_STRINGS = YES;
				SWIFT_OBJC_BRIDGING_HEADER = "DynamicIsland/DynamicIsland-Bridging-Header.h";
				SWIFT_VERSION = 5.0;
				SYSTEM_FRAMEWORK_SEARCH_PATHS = (
					"$(SDKROOT)/System/Library/Frameworks",
					"$(SDKROOT)/System/Library/PrivateFrameworks",
				);
			};
			name = Debug;
		};
		F54406F82CD4987B00C7AFD9 /* Release */ = {
			isa = XCBuildConfiguration;
			buildSettings = {
				ASSETCATALOG_COMPILER_GLOBAL_ACCENT_COLOR_NAME = AccentColor;
				AUTOMATION_APPLE_EVENTS = YES;
				CODE_SIGN_ENTITLEMENTS = DynamicIsland/DynamicIsland.entitlements;
				CODE_SIGN_IDENTITY = "Apple Development";
				"CODE_SIGN_IDENTITY[sdk=macosx*]" = "Developer ID Application";
				CODE_SIGN_STYLE = Manual;
				COMBINE_HIDPI_IMAGES = YES;
				CURRENT_PROJECT_VERSION = 1257;
				DEVELOPMENT_ASSET_PATHS = "\"DynamicIsland/Preview Content\"";
				DEVELOPMENT_TEAM = "";
				"DEVELOPMENT_TEAM[sdk=macosx*]" = 9Y64TRM77N;
				ENABLE_APP_SANDBOX = NO;
				ENABLE_HARDENED_RUNTIME = YES;
				ENABLE_PREVIEWS = YES;
				ENABLE_RESOURCE_ACCESS_AUDIO_INPUT = NO;
				ENABLE_RESOURCE_ACCESS_CALENDARS = YES;
				ENABLE_RESOURCE_ACCESS_CAMERA = YES;
				ENABLE_RESOURCE_ACCESS_CONTACTS = NO;
				ENABLE_RESOURCE_ACCESS_LOCATION = YES;
				ENABLE_RESOURCE_ACCESS_PHOTO_LIBRARY = NO;
				FRAMEWORK_SEARCH_PATHS = (
					"$(inherited)",
					"$(PROJECT_DIR)",
					"$(PROJECT_DIR)/Frameworks",
					"$(PROJECT_DIR)/mediaremote-adapter",
				);
				GENERATE_INFOPLIST_FILE = YES;
				INFOPLIST_FILE = DynamicIsland/Info.plist;
				INFOPLIST_KEY_CFBundleDisplayName = brew;
				INFOPLIST_KEY_LSApplicationCategoryType = "public.app-category.utilities";
				INFOPLIST_KEY_LSUIElement = YES;
				INFOPLIST_KEY_MetalCaptureEnabled = YES;
				INFOPLIST_KEY_NSAppleEventsUsageDescription = "Atoll uses AppleScripts to control Spotify, Apple Music, and Notes.";
				INFOPLIST_KEY_NSBluetoothAlwaysUsageDescription = "Atoll needs Bluetooth access to detect when audio devices connect and display their battery status in the HUD.";
				INFOPLIST_KEY_NSCalendarsFullAccessUsageDescription = "Show calender events inside the notch";
				INFOPLIST_KEY_NSCalendarsUsageDescription = "Need for Calendar Mode";
				INFOPLIST_KEY_NSCameraUsageDescription = "We need your camera for Mirror mode";
				INFOPLIST_KEY_NSDesktopFolderUsageDescription = "Atoll needs access to save screenshots to your desktop.";
				INFOPLIST_KEY_NSDocumentsFolderUsageDescription = "Atoll needs access to save and read shelf dragged files.";
				INFOPLIST_KEY_NSDownloadsFolderUsageDescription = "Atoll needs access to read files in the downloads folder.";
				INFOPLIST_KEY_NSHumanReadableCopyright = "";
				INFOPLIST_KEY_NSLocationUsageDescription = "Atoll uses your location to display accurate lock screen weather.";
				INFOPLIST_KEY_NSLocationWhenInUseUsageDescription = "Atoll uses your location to display accurate lock screen weather.";
				INFOPLIST_KEY_NSMicrophoneUsageDescription = "Atoll needs microphone access to record voice questions for the AI assistant feature.";
				INFOPLIST_KEY_NSRemindersFullAccessUsageDescription = "Atoll needs Reminders access to show your reminders";
				INFOPLIST_KEY_NSRemindersUsageDescription = "Atoll needs Reminders access to show your reminders";
				LD_RUNPATH_SEARCH_PATHS = (
					"$(inherited)",
					"@executable_path/../Frameworks",
				);
				MACOSX_DEPLOYMENT_TARGET = 14.6;
				MARKETING_VERSION = 2.3.3;
				PRODUCT_BUNDLE_IDENTIFIER = com.Ebullioscopic.Atoll;
				PRODUCT_NAME = brew;
				PRODUCT_MODULE_NAME = Atoll;
				PROVISIONING_PROFILE_SPECIFIER = "";
				RUNTIME_EXCEPTION_ALLOW_DYLD_ENVIRONMENT_VARIABLES = NO;
				RUNTIME_EXCEPTION_ALLOW_JIT = NO;
				RUNTIME_EXCEPTION_ALLOW_UNSIGNED_EXECUTABLE_MEMORY = NO;
				RUNTIME_EXCEPTION_DEBUGGING_TOOL = NO;
				RUNTIME_EXCEPTION_DISABLE_EXECUTABLE_PAGE_PROTECTION = NO;
				RUNTIME_EXCEPTION_DISABLE_LIBRARY_VALIDATION = NO;
				SWIFT_EMIT_LOC_STRINGS = YES;
				SWIFT_OBJC_BRIDGING_HEADER = "DynamicIsland/DynamicIsland-Bridging-Header.h";
				SWIFT_VERSION = 5.0;
				SYSTEM_FRAMEWORK_SEARCH_PATHS = (
					"$(SDKROOT)/System/Library/Frameworks",
					"$(SDKROOT)/System/Library/PrivateFrameworks",
				);
			};
			name = Release;
		};
/* End XCBuildConfiguration section */

/* Begin XCConfigurationList section */
		0EE2CF1552DB8896698C28BD /* Build configuration list for PBXNativeTarget "DynamicIslandUITests" */ = {
			isa = XCConfigurationList;
			buildConfigurations = (
				80C3D48B29D18AD34C41AA75 /* Release */,
				76C88DDCF7D65738FAD9DB22 /* Debug */,
			);
			defaultConfigurationIsVisible = 0;
			defaultConfigurationName = Release;
		};
		E5DBE55A111A6608A1AA80DB /* Build configuration list for PBXNativeTarget "DynamicIslandTests" */ = {
			isa = XCConfigurationList;
			buildConfigurations = (
				47D3CCE276A629D16371338D /* Release */,
				1D3C7B18ECFF6DEECBEF798B /* Debug */,
			);
			defaultConfigurationIsVisible = 0;
			defaultConfigurationName = Release;
		};
		F54406E22CD4987A00C7AFD9 /* Build configuration list for PBXProject "DynamicIsland" */ = {
			isa = XCConfigurationList;
			buildConfigurations = (
				F54406F42CD4987B00C7AFD9 /* Debug */,
				F54406F52CD4987B00C7AFD9 /* Release */,
			);
			defaultConfigurationIsVisible = 0;
			defaultConfigurationName = Release;
		};
		F54406F62CD4987B00C7AFD9 /* Build configuration list for PBXNativeTarget "DynamicIsland" */ = {
			isa = XCConfigurationList;
			buildConfigurations = (
				F54406F72CD4987B00C7AFD9 /* Debug */,
				F54406F82CD4987B00C7AFD9 /* Release */,
			);
			defaultConfigurationIsVisible = 0;
			defaultConfigurationName = Release;
		};
/* End XCConfigurationList section */

/* Begin XCRemoteSwiftPackageReference section */
		146BC4352D366E9B0047C66A /* XCRemoteSwiftPackageReference "MacroVisionKit" */ = {
			isa = XCRemoteSwiftPackageReference;
			repositoryURL = "https://github.com/TheBoredTeam/MacroVisionKit";
			requirement = {
				kind = upToNextMajorVersion;
				minimumVersion = 0.1.0;
			};
		};
		14D032182C68F32E0096E6A1 /* XCRemoteSwiftPackageReference "LaunchAtLogin-Modern" */ = {
			isa = XCRemoteSwiftPackageReference;
			repositoryURL = "https://github.com/sindresorhus/LaunchAtLogin-Modern";
			requirement = {
				branch = main;
				kind = branch;
			};
		};
		14D0321B2C68F3350096E6A1 /* XCRemoteSwiftPackageReference "Sparkle" */ = {
			isa = XCRemoteSwiftPackageReference;
			repositoryURL = "https://github.com/sparkle-project/Sparkle";
			requirement = {
				kind = upToNextMajorVersion;
				minimumVersion = 2.6.4;
			};
		};
		7E09D5962EB7B497005AF41D /* XCRemoteSwiftPackageReference "open-meteo" */ = {
			isa = XCRemoteSwiftPackageReference;
			repositoryURL = "https://github.com/open-meteo/open-meteo";
			requirement = {
				kind = upToNextMajorVersion;
				minimumVersion = 1.4.16;
			};
		};
		7E288D102F1659EF0020C117 /* XCRemoteSwiftPackageReference "AtollExtensionKit" */ = {
			isa = XCRemoteSwiftPackageReference;
			repositoryURL = "https://github.com/Ebullioscopic/AtollExtensionKit";
			requirement = {
				branch = main;
				kind = branch;
			};
		};
		7E61181F2E24071E0050006C /* XCRemoteSwiftPackageReference "SkyLightWindow" */ = {
			isa = XCRemoteSwiftPackageReference;
			repositoryURL = "https://github.com/Lakr233/SkyLightWindow";
			requirement = {
				branch = main;
				kind = branch;
			};
		};
		7EF19C152F577040005B9929 /* XCRemoteSwiftPackageReference "SwiftTerm" */ = {
			isa = XCRemoteSwiftPackageReference;
			repositoryURL = "https://github.com/migueldeicaza/SwiftTerm";
			requirement = {
				kind = upToNextMajorVersion;
				minimumVersion = 1.5.0;
			};
		};
		9A987A112C73CAA1005CA465 /* XCRemoteSwiftPackageReference "Pow" */ = {
			isa = XCRemoteSwiftPackageReference;
			repositoryURL = "https://github.com/EmergeTools/Pow";
			requirement = {
				kind = upToNextMajorVersion;
				minimumVersion = 1.0.4;
			};
		};
		B1628B902CC260C0003D8DF3 /* XCRemoteSwiftPackageReference "swiftui-introspect" */ = {
			isa = XCRemoteSwiftPackageReference;
			repositoryURL = "https://github.com/siteline/swiftui-introspect";
			requirement = {
				kind = upToNextMajorVersion;
				minimumVersion = 1.3.0;
			};
		};
		B18654372C6F4990000B926A /* XCRemoteSwiftPackageReference "KeyboardShortcuts" */ = {
			isa = XCRemoteSwiftPackageReference;
			repositoryURL = "https://github.com/sindresorhus/KeyboardShortcuts";
			requirement = {
				kind = upToNextMajorVersion;
				minimumVersion = 2.2.4;
			};
		};
		B19016202CC15B3D00E3F12E /* XCRemoteSwiftPackageReference "Defaults" */ = {
			isa = XCRemoteSwiftPackageReference;
			repositoryURL = "https://github.com/sindresorhus/Defaults";
			requirement = {
				kind = upToNextMajorVersion;
				minimumVersion = 9.0.2;
			};
		};
		B19424072CD0DB52003E5DC2 /* XCRemoteSwiftPackageReference "LottieUI" */ = {
			isa = XCRemoteSwiftPackageReference;
			repositoryURL = "https://github.com/jasudev/LottieUI.git";
			requirement = {
				branch = main;
				kind = branch;
			};
		};
		F54407082CD4A23F00C7AFD9 /* XCRemoteSwiftPackageReference "swift-collections" */ = {
			isa = XCRemoteSwiftPackageReference;
			repositoryURL = "https://github.com/apple/swift-collections.git";
			requirement = {
				kind = upToNextMajorVersion;
				minimumVersion = 1.1.4;
			};
		};
/* End XCRemoteSwiftPackageReference section */

/* Begin XCSwiftPackageProductDependency section */
		146BC4362D366E9B0047C66A /* MacroVisionKit */ = {
			isa = XCSwiftPackageProductDependency;
			package = 146BC4352D366E9B0047C66A /* XCRemoteSwiftPackageReference "MacroVisionKit" */;
			productName = MacroVisionKit;
		};
		14D032192C68F32E0096E6A1 /* LaunchAtLogin */ = {
			isa = XCSwiftPackageProductDependency;
			package = 14D032182C68F32E0096E6A1 /* XCRemoteSwiftPackageReference "LaunchAtLogin-Modern" */;
			productName = LaunchAtLogin;
		};
		14D0321C2C68F3350096E6A1 /* Sparkle */ = {
			isa = XCSwiftPackageProductDependency;
			package = 14D0321B2C68F3350096E6A1 /* XCRemoteSwiftPackageReference "Sparkle" */;
			productName = Sparkle;
		};
		7E288D112F1659EF0020C117 /* AtollExtensionKit */ = {
			isa = XCSwiftPackageProductDependency;
			package = 7E288D102F1659EF0020C117 /* XCRemoteSwiftPackageReference "AtollExtensionKit" */;
			productName = AtollExtensionKit;
		};
		7E61181E2E24071E0050006C /* SkyLightWindow */ = {
			isa = XCSwiftPackageProductDependency;
			package = 7E61181F2E24071E0050006C /* XCRemoteSwiftPackageReference "SkyLightWindow" */;
			productName = SkyLightWindow;
		};
		7EF19C162F577040005B9929 /* SwiftTerm */ = {
			isa = XCSwiftPackageProductDependency;
			package = 7EF19C152F577040005B9929 /* XCRemoteSwiftPackageReference "SwiftTerm" */;
			productName = SwiftTerm;
		};
		9A987A0F2C73CA8D005CA465 /* Collections */ = {
			isa = XCSwiftPackageProductDependency;
			package = F54407082CD4A23F00C7AFD9 /* XCRemoteSwiftPackageReference "swift-collections" */;
			productName = Collections;
		};
		B1628B912CC260C0003D8DF3 /* SwiftUIIntrospect */ = {
			isa = XCSwiftPackageProductDependency;
			package = B1628B902CC260C0003D8DF3 /* XCRemoteSwiftPackageReference "swiftui-introspect" */;
			productName = SwiftUIIntrospect;
		};
		B18654382C6F4990000B926A /* KeyboardShortcuts */ = {
			isa = XCSwiftPackageProductDependency;
			package = B18654372C6F4990000B926A /* XCRemoteSwiftPackageReference "KeyboardShortcuts" */;
			productName = KeyboardShortcuts;
		};
		B19016212CC15B3D00E3F12E /* Defaults */ = {
			isa = XCSwiftPackageProductDependency;
			package = B19016202CC15B3D00E3F12E /* XCRemoteSwiftPackageReference "Defaults" */;
			productName = Defaults;
		};
		B194240A2CD10017003E5DC2 /* LottieUI */ = {
			isa = XCSwiftPackageProductDependency;
			package = B19424072CD0DB52003E5DC2 /* XCRemoteSwiftPackageReference "LottieUI" */;
			productName = LottieUI;
		};
/* End XCSwiftPackageProductDependency section */
	};
	rootObject = F54406DF2CD4987A00C7AFD9 /* Project object */;
}
